PODS:
  - DDKitSwift/core (4.0.0):
    - DDLoggerSwift (~> 5)
    - DDUtils/ui (~> 5)
    - DDUtils/utils (~> 5)
  - DDLoggerSwift (5.3.1):
    - DDLoggerSwift/core (= 5.3.1)
  - DDLoggerSwift/core (5.3.1):
    - DDUtils/ui (~> 5)
    - DDUtils/utils (~> 5)
  - DDUtils/core (5.0.13)
  - DDUtils/ui (5.0.13):
    - DDUtils/core
  - DDUtils/utils (5.0.13):
    - DDUtils/core
  - netfox (1.21.0)

DEPENDENCIES:
  - DDKitSwift/core (~> 4)
  - netfox (~> 1)

SPEC REPOS:
  trunk:
    - DDKitSwift
    - DDLoggerSwift
    - DDUtils
    - netfox

SPEC CHECKSUMS:
  DDKitSwift: a598e532242452a1edf78b9cbfa5a9452cdce3d8
  DDLoggerSwift: c7c8776b2e56c741ef3c3de8cfaa3eadb2fcf813
  DDUtils: 9d1dab6514cbe6687348bde7ea0f6f2187b55222
  netfox: 9d5cc727fe7576c4c7688a2504618a156b7d44b7

PODFILE CHECKSUM: e6e5486b259ec9d8fb6e6440d2e9929794cea113

COCOAPODS: 1.16.2
